
Microsoft Visual Studio Solution File, Format Version 12.00
# Visual Studio Version 16
VisualStudioVersion = 16.0.31515.178
MinimumVisualStudioVersion = 10.0.40219.1
Project("{FAE04EC0-301F-11D3-BF4B-00C04F79EFBC}") = "Buttons", "Buttons\Buttons.csproj", "{D7816337-3E9D-4F4C-8B2B-D093C5D318C3}"
EndProject
Global
	GlobalSection(SolutionConfigurationPlatforms) = preSolution
		Debug|Any CPU = Debug|Any CPU
		Release|Any CPU = Release|Any CPU
	EndGlobalSection
	GlobalSection(ProjectConfigurationPlatforms) = postSolution
		{D7816337-3E9D-4F4C-8B2B-D093C5D318C3}.Debug|Any CPU.ActiveCfg = Debug|Any CPU
		{D7816337-3E9D-4F4C-8B2B-D093C5D318C3}.Debug|Any CPU.Build.0 = Debug|Any CPU
		{D7816337-3E9D-4F4C-8B2B-D093C5D318C3}.Release|Any CPU.ActiveCfg = Release|Any CPU
		{D7816337-3E9D-4F4C-8B2B-D093C5D318C3}.Release|Any CPU.Build.0 = Release|Any CPU
	EndGlobalSection
	GlobalSection(SolutionProperties) = preSolution
		HideSolutionNode = FALSE
	EndGlobalSection
	GlobalSection(ExtensibilityGlobals) = postSolution
		SolutionGuid = {FF2173FC-AA62-41DB-A436-4B838FA4CDD0}
	EndGlobalSection
EndGlobal
